
Microsoft Visual Studio Solution File, Format Version 12.00
# Visual Studio Version 17
VisualStudioVersion = 17.3.32819.101
MinimumVisualStudioVersion = 10.0.40219.1
Project("{FAE04EC0-301F-11D3-BF4B-00C04F79EFBC}") = "TiendaConBibliotecas", "TiendaConBibliotecas\TiendaConBibliotecas.csproj", "{24A35B85-3DE8-4DE7-B286-95233D935B56}"
EndProject
Project("{FAE04EC0-301F-11D3-BF4B-00C04F79EFBC}") = "ConexionDB", "ConexionDB\ConexionDB.csproj", "{A655FF93-D08B-4BE6-AE64-663A12C3493D}"
EndProject
Project("{FAE04EC0-301F-11D3-BF4B-00C04F79EFBC}") = "Model", "Model\Model.csproj", "{6F3AF1DB-95A0-463F-839B-9C2626A3C24D}"
EndProject
Global
	GlobalSection(SolutionConfigurationPlatforms) = preSolution
		Debug|Any CPU = Debug|Any CPU
		Release|Any CPU = Release|Any CPU
	EndGlobalSection
	GlobalSection(ProjectConfigurationPlatforms) = postSolution
		{24A35B85-3DE8-4DE7-B286-95233D935B56}.Debug|Any CPU.ActiveCfg = Debug|Any CPU
		{24A35B85-3DE8-4DE7-B286-95233D935B56}.Debug|Any CPU.Build.0 = Debug|Any CPU
		{24A35B85-3DE8-4DE7-B286-95233D935B56}.Release|Any CPU.ActiveCfg = Release|Any CPU
		{24A35B85-3DE8-4DE7-B286-95233D935B56}.Release|Any CPU.Build.0 = Release|Any CPU
		{A655FF93-D08B-4BE6-AE64-663A12C3493D}.Debug|Any CPU.ActiveCfg = Debug|Any CPU
		{A655FF93-D08B-4BE6-AE64-663A12C3493D}.Debug|Any CPU.Build.0 = Debug|Any CPU
		{A655FF93-D08B-4BE6-AE64-663A12C3493D}.Release|Any CPU.ActiveCfg = Release|Any CPU
		{A655FF93-D08B-4BE6-AE64-663A12C3493D}.Release|Any CPU.Build.0 = Release|Any CPU
		{6F3AF1DB-95A0-463F-839B-9C2626A3C24D}.Debug|Any CPU.ActiveCfg = Debug|Any CPU
		{6F3AF1DB-95A0-463F-839B-9C2626A3C24D}.Debug|Any CPU.Build.0 = Debug|Any CPU
		{6F3AF1DB-95A0-463F-839B-9C2626A3C24D}.Release|Any CPU.ActiveCfg = Release|Any CPU
		{6F3AF1DB-95A0-463F-839B-9C2626A3C24D}.Release|Any CPU.Build.0 = Release|Any CPU
	EndGlobalSection
	GlobalSection(SolutionProperties) = preSolution
		HideSolutionNode = FALSE
	EndGlobalSection
	GlobalSection(ExtensibilityGlobals) = postSolution
		SolutionGuid = {F103B693-F9AC-4634-9BF0-E1D8CFCF2521}
	EndGlobalSection
EndGlobal
